lockfile_version: '1'
generated_at: '2026-06-06T01:01:26.300292+00:00'
apm_version: 0.14.2
dependencies:
- repo_url: _local/chinese-typography
  package_type: claude_skill
  deployed_files:
  - .agents/skills/chinese-typography
  - .claude/skills/chinese-typography
  source: local
  local_path: ./chinese-typography/
- repo_url: _local/design-gate
  package_type: claude_skill
  deployed_files:
  - .agents/skills/design-gate
  - .claude/skills/design-gate
  source: local
  local_path: ./design-gate/
- repo_url: _local/humanizer
  package_type: claude_skill
  deployed_files:
  - .agents/skills/humanizer
  - .claude/skills/humanizer
  source: local
  local_path: ./humanizer/
- repo_url: _local/p2pscout
  package_type: claude_skill
  deployed_files:
  - .agents/skills/p2pscout
  - .claude/skills/p2pscout
  source: local
  local_path: ./p2pscout/
- repo_url: _local/skill-auditor
  package_type: claude_skill
  deployed_files:
  - .agents/skills/skill-auditor
  - .claude/skills/skill-auditor
  source: local
  local_path: ./skill-auditor/
- repo_url: _local/skill-curator
  package_type: claude_skill
  deployed_files:
  - .agents/skills/skill-curator
  - .claude/skills/skill-curator
  source: local
  local_path: ./skill-curator/
- repo_url: _local/skill-evolve
  package_type: claude_skill
  deployed_files:
  - .agents/skills/skill-evolve
  - .claude/skills/skill-evolve
  source: local
  local_path: ./skill-evolve/
- repo_url: _local/skill-finder
  package_type: claude_skill
  deployed_files:
  - .agents/skills/skill-finder
  - .claude/skills/skill-finder
  source: local
  local_path: ./skill-finder/
- repo_url: _local/slide-deck
  package_type: claude_skill
  deployed_files:
  - .agents/skills/slide-deck
  - .claude/skills/slide-deck
  source: local
  local_path: ./slide-deck/
- repo_url: _local/systematic-debugging
  package_type: claude_skill
  deployed_files:
  - .agents/skills/systematic-debugging
  - .claude/skills/systematic-debugging
  source: local
  local_path: ./systematic-debugging/
- repo_url: _local/ui-design-advisor
  package_type: claude_skill
  deployed_files:
  - .agents/skills/ui-design-advisor
  - .claude/skills/ui-design-advisor
  source: local
  local_path: ./ui-design-advisor/
- repo_url: _local/verify-before-done
  package_type: claude_skill
  deployed_files:
  - .agents/skills/verify-before-done
  - .claude/skills/verify-before-done
  source: local
  local_path: ./verify-before-done/
- repo_url: anthropics/skills
  host: github.com
  resolved_commit: da20c92503b2e8ff1cf28ca81a0df4673debdbf7
  package_type: marketplace_plugin
  deployed_files:
  - .agents/skills/algorithmic-art
  - .agents/skills/brand-guidelines
  - .agents/skills/canvas-design
  - .agents/skills/claude-api
  - .agents/skills/doc-coauthoring
  - .agents/skills/docx
  - .agents/skills/frontend-design
  - .agents/skills/internal-comms
  - .agents/skills/mcp-builder
  - .agents/skills/pdf
  - .agents/skills/pptx
  - .agents/skills/skill-creator
  - .agents/skills/slack-gif-creator
  - .agents/skills/theme-factory
  - .agents/skills/web-artifacts-builder
  - .agents/skills/webapp-testing
  - .agents/skills/xlsx
  - .claude/skills/algorithmic-art
  - .claude/skills/brand-guidelines
  - .claude/skills/canvas-design
  - .claude/skills/claude-api
  - .claude/skills/doc-coauthoring
  - .claude/skills/docx
  - .claude/skills/frontend-design
  - .claude/skills/internal-comms
  - .claude/skills/mcp-builder
  - .claude/skills/pdf
  - .claude/skills/pptx
  - .claude/skills/skill-creator
  - .claude/skills/slack-gif-creator
  - .claude/skills/theme-factory
  - .claude/skills/web-artifacts-builder
  - .claude/skills/webapp-testing
  - .claude/skills/xlsx
  content_hash: sha256:5a94c4600dca371e7571be73552f06e11293f558b3d3b295d306b0bfefb4245b
- repo_url: vercel-labs/agent-browser
  host: github.com
  resolved_commit: 90050f2913159875e2c3719e424746396ccb3cbf
  package_type: marketplace_plugin
  deployed_files:
  - .agents/skills/agent-browser
  - .claude/skills/agent-browser
  content_hash: sha256:37c39aa1444e7da0de92defa37a8ee225e4c7d8a3e89eef2a720988c96bc11ed
