{
  "_comment": "Maintained by skill-evolve: the upstream this completion gate was adapted from, used to detect new rules. Update only after reviewing the report (--write-lock).",
  "checked_at": "2026-06-08",
  "sources": {
    "obra/superpowers": {
      "ref": "main",
      "commit": "6fd450765978",
      "release": "v5.1.0",
      "date": "2026-05-29",
      "skills": ["verification-before-completion"],
      "note": "Rule adapted, not vendored verbatim. SHA captured 2026-06-08 (was unset due to earlier rate limit). v5.1.0 latest commit (2026-05-29) predates this skill's 2026-06-05 build; reviewed, nothing new to adopt. Re-sync by diffing this skill's content."
    }
  }
}
