{
  "_comment": "Maintained by skill-evolve: the upstream this completion gate was adapted from, used to detect new rules. Update only after reviewing the report (--write-lock).",
  "checked_at": "2026-06-05",
  "sources": {
    "obra/superpowers": {
      "ref": "main",
      "date": "2026-06-05",
      "skills": ["verification-before-completion"],
      "note": "Rule adapted, not vendored verbatim. Commit SHA not captured (API rate limit); pinned by ref=main + check date. Re-sync by diffing this skill's content."
    }
  }
}
