{
  "_comment": "由 skill-evolve 維護：各參考來源上次看到的版本，用來偵測更新。檢視報告後才更新（--write-lock）。",
  "checked_at": "2026-10-05",
  "sources": {
    "1weiho/open-slide": {
      "commit": "e554b6092e45",
      "release": "@open-slide/core@2.0.1",
      "date": "2026-10-03",
      "note": "2026-10-05 bump (was 7df6d476ab9d): core 2.0.1 — editable PPTX export, visual editor, font picker, undo/redo, speaker notes. Editor-app work; nothing touches the single static HTML deck. Nothing adopted. Previous: 2026-09-17 bump (was 35dc46ca2771 / 1.17.1), user-approved. 34 commits, mostly editor app + deps. ONE authoring principle ADOPTED (rewritten in our own words, no code copied): upstream #457 rewrote slide transitions so the OUTGOING slide stays fully opaque while the incoming one fades in on top — fading both lets the container colour show through as a dip to black. Our assets/template.html had the worse form of that bug (visibility flipped instantly, so the outgoing slide vanished at once and the incoming one faded in over the #0b0d12 body). VERIFIED in a real browser before/after: old build had the outgoing slide hidden from 30ms while the incoming reached full opacity only near 150ms; new build keeps it visible to ~300ms, and rapid forward/back leaves the right slide showing. principles.md §7 exit-faster guidance replaced accordingly; reduced-motion still cuts. Speaker notes already covered by aside.notes. Previous: 2026-08-04 bump (was 2da1550809cb / 1.16.0): 1.17.x is landing-page and editor work (animated prompt composer, 'Used by people' section, a cmdk ⌘K command menu, a Playwright e2e suite, and a React 19/Vite 8 upgrade reverted) — all interactive-editor app, orthogonal to this skill's single static zero-dependency HTML. No action. 2026-07-20 bump (was e09d8bae7aa9 / 1.13.3): 1.14–1.16 are framework-level changes to the interactive editor app only; orthogonal to this skill's single static zero-dependency HTML output. Nothing to adopt. 2026-07-06 bump (was 2adbe12a8462): 1.13.3 — inspector-gesture revert + mobile nav for the interactive editor app; orthogonal to slide-deck's single static zero-dependency HTML output. No action. 2026-06-28 bump (was 0128ba43b75a / 1.12.0). 1.13.x is interactive-editor machinery (thumbnail-rail virtualization, unstable_SharedElement page transitions, mobile tap-to-play) — depends on React runtime/editor framework, orthogonal to this skill's single static zero-dependency HTML output. No action. 2026-06-17 bump (was d0c2912c984b / cli@1.3.1): adopted the CJK webfont discipline into principles §3 (declare font once in <head>, list only weights used, subset CJK with Google Fonts &text=)."
    },
    "GordenSun/GordenPPTSkill": {
      "commit": "7d4a61cbd836",
      "date": "2026-06-22",
      "note": "2026-06-28 bump (was efb016b683d2). Only change is 'chore: gitignore Office lock files (~$*)' — pure maintenance; project is a python-pptx generator (different track). No action. 2026-06-17 bump (was d889470ddaa9): adopted 'no ellipsis truncation / geometry-aware overflow' into principles §4."
    },
    "ethantw/Han": {
      "commit": "970d163c6af2",
      "release": "v3.2.7",
      "date": "2024-02-13"
    },
    "gainubi/note-slides": {
      "commit": "d46928f343df",
      "date": "2026-05-08"
    },
    "hugohe3/ppt-master": {
      "commit": "4eb7b3d61f66",
      "release": "v6.6.0",
      "date": "2026-10-05",
      "note": "2026-10-05 bump (was c55ebefaddbf, now v6.6.0): kiosk export, PPTX round-trip fixes, font measure tables, design_spec review page. Its 'slot bounds are capacity, not a whitespace quota' principle is already our §4 vertical budget. Nothing adopted. Previous: 2026-09-17 RE-BASELINE (was e247014a2f73 / v4.3.0 — that commit NO LONGER EXISTS upstream: v5.0.0 rewrote the repo history, so compare returns 404 and future diffs must start from this new pin). Judged from release notes v4.3.0->v6.5.0: almost all of it is PPTX export, native round-trip editing, templates, and security fixes to their local server. NOT adopted: v5.1.0 removed keep-it-plain clauses to make decks busier, which contradicts our restraint rule. v6.1.0 per-slide Relationships is already covered by our references/narrative.md relation column. Previous: 2026-08-04 bump (was 95b61d7fdc32 / v4.0.0): 192 commits to v4.3.0, mostly their own runtime (image backends, project-aware local server ports, confirm-UI fallbacks). Two principle-level items MIGHT transfer and are FLAGGED, not adopted: routing advanced SVG treatments by visual job, and keeping custom motion restrained and coherent. Their new runtime attribution/identity guard (enforce skill integrity at runtime) is interesting as a concept but does not apply to a prompt-only skill. Reviewed up to e247014a2f73; upstream moved on mid-review. 2026-07-20 bump (was eb9243be673d / v3.1.0): v4.0.0 introduces a first-page gate — validate page 1 before generating the rest of the deck. ADOPTED the principle, implemented original: SKILL.md Phase 4 now builds slide 1, runs check_deck.py on it, and only batch-produces the remaining slides once role/density/overflow come back clean; Phase 5 full-deck lint unchanged. No code taken. 2026-07-06 bump (was 13a25616e635): v3.1.0 (128 commits) is pptx-medium engineering — native svg→pptx chart/table export + spot-illustration pipeline. slide-deck is HTML-first, no pptx; no transferable design principle. No action. 2026-06-28 bump (was 313ee6729dba / v2.10.0). v2.11.0 previews CJK and Latin fonts independently + per-run language detection so Latin decks don't fall back to a CJK family. ADOPTED the underlying principle (CJK/Latin are two independent font axes) — borrowed the idea, implemented original in slide-deck: principles.md §3 'two-axis fonts' (Latin-first ordered stack, pick CJK face to match Latin, load CJK webfont by deck language) + check_deck.py check 8 (warn on CJK-first stack / CJK webfont with no Han). Zero upstream code vendored. Design+plan: docs/specs|plans/2026-06-28-cjk-latin-font-axis*. The v2.10.0 rhetorical-mode axis remains NOT adopted (template-filler scope creep). 2026-06-17 bump (was 9d763c528b74 / v2.9.0): reviewed v2.10.0 structure-vs-style split, not adopted."
    },
    "sivan/heti": {
      "commit": "7d5ceb72a6a7",
      "date": "2025-08-31"
    },
    "zarazhangrui/frontend-slides": {
      "commit": "9906a34d640d",
      "release": "v2.1.0",
      "date": "2026-06-23",
      "note": "2026-07-02 (same commit): ADOPTED two principles this round — selection-index metadata idea → best_for/avoid_for table in style-presets.md; preview composition (1 safe + 1 bold + 1 wildcard) + preview-authenticity → SKILL.md Phase 2. Template pack + CDN fonts still deliberately NOT adopted (zero-third-party-assets stance). Full re-evaluation: research/audits/2026-07-02-frontend-slides.md. 2026-06-28 bump (was c28690100a28): density-by-use + 3-preview reviewed, already covered. 2026-06-17 bump (was 24e420e4acef): v2.1.0 bold-template-pack + preview-authenticity hygiene noted."
    },
    "op7418/guizang-ppt-skill": {
      "commit": "c91369c449d3",
      "release": "v1.1.0",
      "date": "2026-08-07",
      "license": "AGPL-3.0 — 僅取原則，永不收檔",
      "note": "2026-10-05 bump (was 82fe5ae129e8): presenter-mode runtime (two windows, timers, laser pointer) — too much for the zero-dependency template; not adopted. Overflow ladder idea adopted (see earlier note in this entry). Previous: 2026-07-02: adopted the layout-lock PRINCIPLE (registered role catalog + mandatory data-label + checker flags invented layouts) into layouts.md + check_deck.py slide_role_warns — checker code entirely original, WARN-level instead of upstream's hard block, our own nine-role registry (not S01–S22). Earlier: CJK-headline downscaling (principles §13). Evaluation: research/audits/2026-07-02-guizang-ppt-skill.md. Re-sync: watch its S01–S22 registry and validate-swiss-deck.mjs for new check ideas (ideas only — AGPL). 2026-10-05 (same pin; the idea dates from its v1.1.0, already inside this baseline): adopted the overflow-fix-ladder IDEA — measure rendered overflow, small → spacing tweak within layout ranges, large → split, re-check bottom whitespace after the fix — as prose in SKILL.md Phase 5 + principles §2; rule 2 reworded 'Split, never shrink type'. No code or text taken; no measurement tool built."
    }
  }
}
