{
  "_comment": "Maintained by skill-evolve: the upstream that design-gate's design/plan rules were adapted from, used to detect new rules. Update only after reviewing the report (--write-lock). Tracks only the two extracted skills; the upstream orchestration pieces (subagent-driven-development etc.) were deliberately not vendored and are not tracked here.",
  "checked_at": "2026-10-05",
  "sources": {
    "UditAkhourii/adhd": {
      "ref": "main",
      "commit": "dd08acc38693",
      "date": "2026-09-17",
      "license": "MIT",
      "vendored": "METHOD ONLY — no files. Three ideas in references/brainstorming.md 'Propose approaches': strip false constraints before diverging (upstream's reframe phase), widen-before-narrowing on a high-stakes fork via independent per-lens explorations, and a trigger gate for when to escalate. The lens list is original to this repo (middlebox / loss / CI-vs-local / standards-review / 3am / $0), NOT upstream's fifteen generic frames.",
      "note": "2026-10-05 bump (was 3d9dc48, now v0.1.4): frame 'packs' (--pack) are a pure refactor — frames moved unchanged into src/packs/core.ts; rest is README/ADOPTERS. Nothing adopted. Previous: 2026-08-16 evaluation, 2026-08-17 baseline. DO NOT re-adopt on re-sync: (a) the weighted scoring formula novelty*0.35+viability*0.40+fit*0.25 over model-generated 0-10 scores — fabricated input dressed as arithmetic, forbidden by decision-lens; (b) fuzzy debugging as a trigger — conflicts with systematic-debugging; (c) its README benchmark figures — n=6, single-trial, same-model-family judging, blinding defeated by output fingerprints, no length control, never re-run since 23 min after repo creation despite three engine changes, and the front-page side-by-side is the one problem its own judge scored as a LOSS with the losing dimension omitted; (d) the npm package adhd-agent — published 0.1.4 ships permissionMode 'bypassPermissions' with allowedTools:[] (per SDK types allowedTools is an auto-approve list, not a restriction); git source fixed to tools:[] but never republished. Upstream is a sub-3-month solo-led project, 3595 stars vs 17 watchers, 58% of stars in a 13-day promotion burst. Treat its self-description as unverified; only code read directly is reliable.",
      "release": "v0.1.4"
    },
    "obra/superpowers": {
      "ref": "main",
      "commit": "8ca22dba9a94",
      "release": "v6.4.2",
      "date": "2026-09-25",
      "skills": [
        "brainstorming",
        "writing-plans"
      ],
      "note": "2026-10-05 bump (was b36e0829c6d0 / v6.3.0), user-approved adoption: brainstorming adds Establish Shared Understanding — write-back step ADOPTED as Phase 1 step 3; hard gate rewritten as staged approval (conversation→spec→plan, a reply approves only the stage presented, read-only exploration allowed) — ADOPTED in SKILL.md hard gate + Handoff and writing-plans.md. writing-plans drops 'complete code' for signature + test assertions + pinned values (body only for undetermined algorithms, reference Interfaces instead of repeating) — ADOPTED, replacing our complete-code rule everywhere; Review Focus header section + Review Focus and Proportion self-review checks — ADOPTED. Not taken: the subagent-driven vs native execution menu and the removed plan-document-reviewer prompt (orchestration layer); visual-companion.md 'bash' prefix (not vendored). Eval #3 updated. Previous: 2026-09-17 bump (was 44c9b2d6e889 / v6.2.0), user-approved adoption: brainstorming +108/-9 adds three paths (spike / bounded / architectural) — ADOPTED as SKILL.md Step 0 + brainstorming.md red-flags table (rewritten); anti-pattern renamed Too Simple To Need Approval — ADOPTED; writing-plans adds a Spec: pointer in the plan header — ADOPTED. Rest of v6.3.0 (harnesses, SDD batching/conflict rulings, Codex, finishing-branch worktree fix) is the non-vendored orchestration layer. New eval #4 guards the bounded path. Previous: 2026-08-04 bump (was d884ae04edeb / v6.1.1): reviewed v6.1.1→v6.2.0 — CORRECTED 2026-08-04 after fresh-context review — the first pass called this \"motivational prose\", which is wrong for brainstorming: its -9 is the whole ## Key Principles block (one question at a time / multiple choice preferred / YAGNI ruthlessly / explore 2-3 alternatives / incremental validation / be flexible), of which only YAGNI was re-promoted inline as the +1. Those principles are exactly what design-gate Phase 1 adapts, so this is a CONSOLIDATION worth watching, not filler removal — our own converge-one-question-at-a-time rules already cover them, but a future re-sync against upstream will no longer find them stated. writing-plans is +0/-6 and visual-companion.md +7 (a tool-not-a-mode clarification); no new rule in either. v6.2.0's real content — SDD plan-scoped workspace and a resume-based fix loop with a five-round breaker plus a rationalization table — lives in the deliberately-not-vendored orchestration layer. The five-round breaker is FLAGGED as a possible concept for the gate's rework loop; NOT adopted, pending user decision. 2026-07-06 bump (was 896224c4b187 / v6.0.3): reviewed v6.0.3→v6.1.1 — the referenced brainstorming/writing-plans sub-skills are UNCHANGED; all movement is carrier/packaging (Codex hooks, package-codex-plugin, Gemini-retirement cleanup, bootstrap token trim), the deliberately-not-vendored orchestration layer. Nothing to adopt. Rules adapted from these two skills (not vendored verbatim). 2026-06-28 bump (was a21956e48c13 / v6.0.0): reviewed v6.0.0→v6.0.3 — pure SDD-orchestration/packaging/test maintenance (artifacts moved out of .git/, evals submodule dropped, per-worktree isolation, ws bump). Zero methodology change; the v6.0.0 plan improvements were already adopted last bump. Nothing to adopt. 2026-06-17 bump (was 6fd450765978 / v5.1.0): reviewed v6.0.0 — adopted the Global Constraints plan header + per-task Interfaces contract into references/writing-plans.md. The rest of v6 is subagent-driven-development orchestration (reviewer dispatch, file-vs-paste, model selection) deliberately not vendored — a single-agent gate doesn't use it. Re-sync by diffing these two skills' content."
    },
    "mattpocock/skills :: engineering/grill-with-docs": {
      "ref": "main",
      "commit": "447ca7087202",
      "date": "2026-08-15",
      "license": "MIT",
      "vendored": "PRINCIPLE ONLY — no files. Inspired the Phase-1 'sharpen terms + capture ADRs inline' step and references/adr.md (ubiquitous language + living ADR/CONTEXT capture). ADR format is the public Michael Nygard structure.",
      "note": "2026-10-05 bump (was 697d4ce9742d): one line under this path (/grilling → call the Skill tool twice); domain-modeling only reworded its trigger. Upstream renamed CONTEXT.md → GLOSSARY.md repo-wide; our SKILL.md/adr.md mention of CONTEXT.md left as-is. Nothing adopted. Previous: 2026-06-08: added when ADR/ubiquitous-language capture was folded into design-gate. On re-sync, mine glossary/ADR-capture refinements; the ADR format itself is standard and stable. 2026-07-20 reviewed: only thin-composer wording tweaks (2064fb64/658d53e6) + repo-wide Codex metadata; nothing to adopt. Standing flag from grill research remains: consider retargeting this source to skills/engineering/domain-modeling where the cited ADR/ubiquitous-language material now lives.",
      "release": "v1.3.1"
    }
  }
}
