{
  "_comment": "Maintained by skill-evolve: the upstream that design-gate's design/plan rules were adapted from, used to detect new rules. Update only after reviewing the report (--write-lock). Tracks only the two extracted skills; the upstream orchestration pieces (subagent-driven-development etc.) were deliberately not vendored and are not tracked here.",
  "checked_at": "2026-06-08",
  "sources": {
    "obra/superpowers": {
      "ref": "main",
      "commit": "6fd450765978",
      "release": "v5.1.0",
      "date": "2026-05-29",
      "skills": ["brainstorming", "writing-plans"],
      "note": "Rules adapted from these two skills (not vendored verbatim). SHA captured 2026-06-08 (was unset due to earlier rate limit). v5.1.0's latest commit (2026-05-29) predates this skill's 2026-06-05 build, and its 'self-review checklist instead of subagent loops' change is the direction design-gate already took — reviewed, nothing new to adopt. Re-sync by diffing these two skills' content."
    }
  }
}
