{
  "_comment": "由 skill-evolve 維護：各參考來源上次看到的版本，用來偵測更新。檢視報告後才更新（--write-lock）。",
  "checked_at": "2026-06-17",
  "sources": {
    "sysprog21/zhtw-mcp": {
      "commit": "409132225db1",
      "date": "2026-06-15",
      "note": "2026-06-17 bump (was defcc020fd76). Recent work: Codex CLI registration (packaging) + a detector layer (函式 vs 函數 disambiguation, EN→ZH calque/translationese detection, ambiguity gating). That detector work is context-judgment, not mechanical s2twp normalization — it belongs to the humanizer domain, not chinese-typography. No action here."
    },
    "BYVoid/OpenCC": {
      "commit": "c208e2780e5b",
      "release": "ver.1.3.1",
      "date": "2026-06-17",
      "note": "2026-06-17 bump (was 47cccca4f826). C++ OpenCC 1.3.x shipped real s2twp gains — segmentation fixes (云计算→雲端計算 etc.) and Taiwan IT terms / 巨集. BUT this skill uses the frozen python opencc-python-reimplemented==0.1.7, whose bundled dicts lag the C++ engine, so these do NOT reach output unless the package is switched — documented in SKILL.md. Standing decision: stay on the easy-to-pip-install frozen port; revisit only if accuracy demands a maintained binding (C++ OpenCC / StarCC) at the cost of build complexity. No action."
    },
    "FuDesign2008/open-skills": {
      "commit": "49ee024727a7",
      "release": "v1.52.0",
      "date": "2026-06-15",
      "note": "2026-06-17 bump (was aaa405d3774c / v1.46.2). New releases (multi-agent-debate, workspace multi-project, test-guide, go-deploy) touch none of the cited chinese-format skill — no action."
    },
    "StarCC0/starcc-py": {
      "commit": "5ec1b1d9ef03",
      "release": "v0.0.5",
      "date": "2022-10-15"
    },
    "huacnlee/autocorrect": {
      "commit": "8855a5c3d6e7",
      "release": "v2.16.3",
      "date": "2026-02-05"
    },
    "sofish/typo.css": {
      "commit": "bd5a26db7b87",
      "release": "2.1.2",
      "date": "2020-07-17"
    },
    "sparanoid/chinese-copywriting-guidelines": {
      "commit": "a26e2ce63c99",
      "release": "v1.0.1",
      "date": "2023-08-09"
    },
    "vinta/pangu.js": {
      "commit": "3d67d8a611aa",
      "date": "2026-06-15",
      "note": "2026-06-17 bump (was 1c30f32d2638). Recent commits are Vite v8 build/tooling + test additions (CJK-period patterns, ignored tags, nested containers) and a canIgnoreNode refactor — the 盤古之白 spacing algorithm is unchanged. No action."
    },
    "zhlint-project/zhlint": {
      "commit": "c8678fe71ce3",
      "release": "v0.8.1",
      "date": "2025-07-12"
    }
  }
}
