{
  "_comment": "由 skill-evolve 維護：各參考來源上次看到的版本，用來偵測更新。檢視報告後才更新（--write-lock）。",
  "checked_at": "2026-08-04",
  "sources": {
    "sysprog21/zhtw-mcp": {
      "commit": "5d242bcefd3c",
      "date": "2026-07-26",
      "note": "2026-08-04 bump (was 2e0f4e4912a8): two commits — an E2E test for invalid request-shaped messages and its merge. No rule/detector change. No action. 2026-07-20 bump (was df4762639f8b): baseline refresh per 2026-07-20 upstream-drift review; no rule/detector change adopted for this pipeline. No action. 2026-07-06 bump (was fbc0fa8347df): only nix-shell docs + a merge, no rule/detector change. No action. 2026-06-28 bump (was 409132225db1). Recent commits: 'exclude ambiguous chars from single-char fallback', narrow 聯繫 cross-strait tagging, 函數/函式 split, math/linear-algebra vocab. The 'single-char fallback should exclude ambiguous chars' principle is a useful CONCEPT REFERENCE for the rules doc's caveats, but the architecture is an MCP detector (context-judgment), not this skill's OpenCC+rules pipeline — not adopted mechanically. 2026-06-17 bump (was defcc020fd76): detector layer belongs to humanizer domain, not chinese-typography. No action."
    },
    "BYVoid/OpenCC": {
      "commit": "6b1538b5a1ad",
      "release": "ver.1.4.1",
      "date": "2026-08-01",
      "note": "2026-08-04 bump (was 6c821528fc2b, same ver.1.4.1 tag — intra-release commits): upstream fixed s2twp greedy-match errors (互联网络, 快闪存储器, 老挝人民民主共和国) and added 数字人文/數位人文. Frozen-port decision HELD — opencc-python-reimplemented==0.1.7 never receives these. LIVE-VERIFIED the frozen engine is wrong on 3 of the 4: 互联网络→網際網路絡, 快闪存储器→快快閃記憶體儲器, 数字人文→數字人文 (老挝 was already correct). PATCHED post-conversion in user-dictionary.json: 網際網路絡→網際網路, 快快閃記憶體儲器/快快閃記憶體儲→快閃記憶體, 數字人文→數位人文; the 互联网络 target (網際網路, not 網際網絡) was chosen by the user. normalize.py now applies replacements longest-key-first so a short key can't eat a longer one (快快閃記憶體儲 ⊂ 快快閃記憶體儲器); 4 regression tests added, 46/46 pass. The new --ambiguities one-to-many reporting mode is C++-only and unreachable from the frozen port — noted, not adopted. 2026-07-20 bump (was 6a49a351b4be / ver.1.4.0): ver.1.4.1 reviewed; frozen-port decision HELD, no engine switch. Verified gaps in the frozen engine patched POST-conversion via user-dictionary.json instead: 覆盤→復盤, 這周→這週, 那周→那週, 周線→週線 (substring-collision checked; outputs don't contain sources, so idempotent). 2026-07-06 bump (was b9e757b6de2c / ver.1.3.1): ver.1.4.0 is a C++ ABI/SOVERSION bump + .ocd dict fast-path; TWPhrases.txt (the Taiwan-phrase layer) UNCHANGED — only a 芯片 segmentation fix + minor STPhrases. LIVE-VERIFIED that frozen opencc-python-reimplemented==0.1.7 already yields 芯片→晶片 / 內存芯片→記憶體晶片 correctly, so 1.4.0's fix is a no-op for us. Frozen-port decision HELD, no engine switch. 2026-06-28 bump (was c208e2780e5b, still ver.1.3.1 — intra-release commits). EMPIRICAL re-validation of the standing decision: ran A/B s2twp on 23 terms, frozen opencc-python-reimplemented==0.1.7 vs maintained C++ `opencc` 1.3.x. Only 2/23 differed and they CANCEL OUT — C++ better on 以太网→乙太網路 (Taiwan std, on-domain) but WORSE on 拉链→拉鏈 (frozen gives 拉鍊, MOE-preferred). The much-touted 云计算→雲端計算 is already correct in BOTH (not a differentiator; the earlier changelog-based claim was wrong). Net quality = wash; switching costs reproducibility + a native build. DECISION HELD: stay on frozen port, no engine switch, no code change. The one on-domain gap (乙太網→乙太網路) can't be patched via user-dictionary.json replacements either: that layer is post-OpenCC substring with no word boundary, so 乙太網→乙太網路 would double-apply to existing 乙太網路 (→乙太網路路, the documented substring-collision trap). Would need a context-aware regex rule — not worth it for one term. Revisit only if accuracy genuinely demands a maintained binding. 2026-06-17 bump (was 47cccca4f826): first review of 1.3.x."
    },
    "FuDesign2008/open-skills": {
      "commit": "ddb1cdc86d42",
      "release": "v1.100.0",
      "date": "2026-07-31",
      "note": "2026-08-04 bump (was 0a49e8ca4962 / v1.77.0): 151 commits to v1.100.0, all their own release churn (delivery-discipline, pr-review-gate, learn-and-improve wiring, openspec archiving). Nothing touches Chinese typography or Taiwan vocabulary. No action. 2026-07-20 bump (was 5e88d9661cb9 / v1.61.0): the cited chinese-format skill was REMOVED upstream in v1.67.1 (PR #205, 2026-07-11) and merged into their article-writer skill — attribution.md pointer updated accordingly. No rule change to adopt. 2026-07-06 bump (was 0b223168b033 / v1.59.0): v1.60–1.61 add a git conflict-defense workflow + browser-debug-toolkit — unrelated to Chinese typography/Taiwan vocab. No action. 2026-06-28 bump (was 49ee024727a7 / v1.52.0). v1.59.0 folds 5 solver workflows into effective-web-research (a web-research router) — unrelated to Chinese typography/normalization/Taiwan vocabulary. No action. 2026-06-17 bump (was aaa405d3774c / v1.46.2): new releases touch none of the cited chinese-format skill."
    },
    "StarCC0/starcc-py": {
      "commit": "5ec1b1d9ef03",
      "release": "v0.0.5",
      "date": "2022-10-15"
    },
    "huacnlee/autocorrect": {
      "commit": "e1a75da3faa9",
      "release": "v2.16.3",
      "date": "2026-06-23",
      "note": "2026-06-28 bump (was 8855a5c3d6e7). v2.16.x changes are toolchain (Obsidian ![[img]] parsing, Markdown frontmatter tag handling, LSP/typos integration) — the CJK-Latin spacing/punctuation core rules are unchanged. No action."
    },
    "sofish/typo.css": {
      "commit": "559c1c20d8f9",
      "release": "2.1.2",
      "date": "2026-06-25",
      "note": "2026-06-28 bump (was bd5a26db7b87). 2.1.x is font work (PingFang, Lantinghei SC Safari fallback, OS X bold fix) — CSS display layer, not spacing/punctuation rules. No action."
    },
    "sparanoid/chinese-copywriting-guidelines": {
      "commit": "9a5fbeb842f3",
      "release": "v1.0.1",
      "date": "2023-08-09",
      "note": "2026-07-20 bump (was a26e2ce63c99): 2026-07 history rewrite (author field rename only), no content change."
    },
    "vinta/pangu.js": {
      "commit": "6cccbbc7a731",
      "release": "v8.0.0",
      "date": "2026-08-01",
      "note": "2026-08-04 bump (was dbee04cbe629): 240 commits, but the 盤古之白 spacing algorithm is unchanged — the bulk is docs/ADR/CI/test-porting from pangu.py. Two behaviour fixes FLAGGED for evaluation, NOT adopted: (a) re-strip separator space inside quotes for idempotency, (b) -f writes byte-exact output, preserving the file's EOF newlines. Both are testable against normalize.py; pending user decision. 2026-07-20 bump (was a75b0e9c3af2): v8.0.0 — SOLITARY_NBSP and the per-line slash heuristic ADOPTED into normalize.py (see attribution.md, 2026-07-20); remaining v8 changes are DOM/build-layer, not applicable to this text pipeline. 2026-07-06 bump (was 3d67d8a611aa): README-only (added a pangu.skill link); the 盤古之白 spacing algorithm is unchanged. No action. 2026-06-17 bump (was 1c30f32d2638). Recent commits are Vite v8 build/tooling + test additions (CJK-period patterns, ignored tags, nested containers) and a canIgnoreNode refactor — the 盤古之白 spacing algorithm is unchanged. No action."
    },
    "zhlint-project/zhlint": {
      "commit": "c8678fe71ce3",
      "release": "v0.8.1",
      "date": "2025-07-12"
    }
  }
}
