{
  "_comment": "Maintained by skill-evolve: upstream data sources vendored into data/. Pins the commit each was copied at, to detect new/updated design data. Update only after reviewing the report (--write-lock). Only DATA was vendored — no scripts/CLI. Full audit: research/audits/2026-06-05-ui-ux-pro-max.md.",
  "checked_at": "2026-08-04",
  "sources": {
    "nextlevelbuilder/ui-ux-pro-max-skill": {
      "ref": "main",
      "commit": "14ddef5c05e5",
      "release": "v2.12.0",
      "date": "2026-08-01",
      "license": "MIT",
      "vendored": ".claude/skills/ui-ux-pro-max/data/*.csv (12 domain + stacks/22); dropped draft.csv, design.csv (now deleted upstream too), motion.csv, all scripts",
      "note": "2026-08-04 bump (was b484e8338c25 / v2.11.0): the one on-domain change is #428/#434 — palette and anti-patterns are now resolved against the STYLE'S MODE (light vs dark) instead of a single flat lookup. Our vendored CSVs are the data, not that resolution logic, so no re-vendor is required; the mode-aware resolution itself is FLAGGED as worth considering for the brief's palette step, not adopted. The rest is CLI/installer plumbing (.agents paths, Codex/Copilot targets, pinned shadcn CLI) plus a gallery Style Detail Modal. Reviewed up to v2.12.0; upstream already at v2.13.0. 2026-07-20 bump (was 4baa399d00da / v2.10.1): v2.11.0 data resync, diffed CSV-by-CSV against the pinned commit. Upstream fixed drift between its three internal data copies (#412); synced from .claude/skills/ui-ux-pro-max/data/ (LF, canonical — the src/ copy still carries mixed CRLF), blob-SHA-verified. ADDED the 6 desktop stacks (wpf/winui/uwp/uno/avalonia/javafx, reversing the 2026-07-06 off-core skip now that the resync scope was approved). REWRITTEN threejs.csv re-vendored (adds No column, r128 CDN-pinning guidance). 7 files (charts/colors/google-fonts/landing/ui-reasoning/ux-guidelines/stacks-react-native) were content-identical, only normalized CRLF→LF to match upstream blobs so future diffs stay clean. colors/products/typography/angular/laravel/nuxt-ui already matched (picked up at v2.10.1). Still NOT vendored: motion.csv (GSAP snippet pack, off the vendored subset). Security scan clean: no hidden Unicode, no injection phrasing, no credential URLs; <script>/CDN strings are guideline example code, expected in this dataset. Never vendor the CLI or image-gen scripts that read ~/.claude/.env. Older history: 2026-07-06 v2.10.1 first data re-vendor (products 162→193 rows); 2026-06-28 v2.5.0 bump; 2026-06-08 SHA widened to full."
    },
    "mattdesl/dictionary-of-colour-combinations": {
      "ref": "master",
      "commit": "c142bd0bc804",
      "date": "2020-05-27",
      "license": "MIT",
      "vendored": "colors.json",
      "note": "2026-06-08: SHA widened from short 'c142bd0' to full (same commit). Stable/old, changes rarely. Aesthetic palette layer (Sanzo Wada); colour values are facts."
    },
    "plugin87/ux-ui-agent-skills": {
      "ref": "main",
      "commit": "93a7fbbdb3f1",
      "release": "v2.4.0",
      "date": "2026-06-22",
      "license": "MIT (declared in README; NO LICENSE file — weaker grant)",
      "vendored": "accessibility/wcag-checklist.md, accessibility/aria-patterns.md",
      "note": "2026-06-28 bump (was 55c9347ce2a1 / v2.3.1). v2.4.0 adds a CONTEXT.md shared-vocabulary layer, /gate //ship //scaffold-project slash commands, project-scoped Figma MCP, and a real-screenshot reference folder — all build/verification toolchain + project scaffold, the same category explicitly NOT adopted before. The prior 'measurement over opinion' checks weren't extended. Nothing to adopt. Vendored a11y files unchanged; no re-vendor. 2026-06-17 bump (was 3f288fac0a62): adopted 'measurement over opinion' as two checks in references/anti-default.md §4."
    },
    "SteveBarnett/Checklists": {
      "ref": "main",
      "commit": "5e8b2491651e",
      "date": "2021-09-14",
      "license": "MIT",
      "vendored": "UX-heuristic markdown files (skipped README.md)",
      "note": "2026-06-08: SHA widened from short '5e8b249' to full (same commit). Canonical, timeless heuristics; rarely changes."
    },
    "Leonxlnx/taste-skill": {
      "ref": "main",
      "commit": "7c397f22d3af",
      "date": "2026-07-17",
      "license": "MIT",
      "vendored": "PRINCIPLES ONLY — no files. references/anti-default.md rewrites 3 directives: the Design Read declaration, the anti-default cliché list, the 3 dials (variance/motion/density).",
      "note": "2026-06-08: adapted, not vendored. Prompt-only frontend generator, 37k★ but viral/solo/4-months-old; verdict build-your-own (not install/vendor) — research/audits/2026-06-08-taste-skill.md. Tracked so skill-evolve can surface upstream wording tweaks; refinement would live in upstream skills/taste-skill/SKILL.md — re-read it on a bump. 2026-07-20 reviewed: sponsor/README churn only; the one rule fix (LAYOUT_VARIANCE→DESIGN_VARIANCE typo) is already correct in our local anti-default.md."
    },
    "alchaincyf/huashu-design": {
      "ref": "master",
      "commit": "32cc58127f60",
      "date": "2026-07-19",
      "license": "MIT",
      "vendored": "PRINCIPLES ONLY — no files. references/brand-assets.md adapts the brand-asset protocol (never guess brand colors from memory; fetch official sources and pin) + the 'default AI output = average of all brands' anti-slop framing.",
      "note": "2026-07-02: adapted, not vendored — research/audits/2026-07-02-huashu-design.md (🟦 build-your-own). Ladder restructured offline-first (user spec → WebFetch pin → ask); upstream's mandatory WebSearch step dropped. Re-sync: watch upstream SKILL.md 品牌资产协议 §1.a and the anti-slop list for protocol refinements."
    }
  }
}
