{
  "_comment": "Maintained by skill-evolve: upstream data sources vendored into data/. Pins the commit each was copied at, to detect new/updated design data. Update only after reviewing the report (--write-lock). Only DATA was vendored — no scripts/CLI. Full audit: research/audits/2026-06-05-ui-ux-pro-max.md.",
  "checked_at": "2026-06-28",
  "sources": {
    "nextlevelbuilder/ui-ux-pro-max-skill": {
      "ref": "main",
      "commit": "65e23199492f",
      "release": "v2.9.0",
      "date": "2026-06-26",
      "license": "MIT",
      "vendored": "src/ui-ux-pro-max/data/*.csv (12 domain + stacks/16); dropped draft.csv, design.csv, all scripts",
      "note": "2026-06-28 bump (was b7e3af80f6e3 / v2.5.0). v2.6–2.9 release notes are all CLI/security/distribution (plugin-name validation, XSS-escape in slide generator, GitHub token support, npm fallback package) — no design-data change mentioned. CAVEAT (low confidence): release notes do not cover the data/ layer; not diffed CSV-by-CSV this round, so a silent palette/typography CSV tweak can't be fully ruled out. Re-vendor only if a CSV diff shows changes. Never vendor the CLI or image-gen scripts that read ~/.claude/.env. 2026-06-08: SHA widened to full (was false-flagging UPDATED)."
    },
    "mattdesl/dictionary-of-colour-combinations": {
      "ref": "master",
      "commit": "c142bd0bc804",
      "date": "2020-05-27",
      "license": "MIT",
      "vendored": "colors.json",
      "note": "2026-06-08: SHA widened from short 'c142bd0' to full (same commit). Stable/old, changes rarely. Aesthetic palette layer (Sanzo Wada); colour values are facts."
    },
    "plugin87/ux-ui-agent-skills": {
      "ref": "main",
      "commit": "93a7fbbdb3f1",
      "release": "v2.4.0",
      "date": "2026-06-22",
      "license": "MIT (declared in README; NO LICENSE file — weaker grant)",
      "vendored": "accessibility/wcag-checklist.md, accessibility/aria-patterns.md",
      "note": "2026-06-28 bump (was 55c9347ce2a1 / v2.3.1). v2.4.0 adds a CONTEXT.md shared-vocabulary layer, /gate //ship //scaffold-project slash commands, project-scoped Figma MCP, and a real-screenshot reference folder — all build/verification toolchain + project scaffold, the same category explicitly NOT adopted before. The prior 'measurement over opinion' checks weren't extended. Nothing to adopt. Vendored a11y files unchanged; no re-vendor. 2026-06-17 bump (was 3f288fac0a62): adopted 'measurement over opinion' as two checks in references/anti-default.md §4."
    },
    "SteveBarnett/Checklists": {
      "ref": "main",
      "commit": "5e8b2491651e",
      "date": "2021-09-14",
      "license": "MIT",
      "vendored": "UX-heuristic markdown files (skipped README.md)",
      "note": "2026-06-08: SHA widened from short '5e8b249' to full (same commit). Canonical, timeless heuristics; rarely changes."
    },
    "Leonxlnx/taste-skill": {
      "ref": "main",
      "commit": "3c7017d636c3",
      "date": "2026-05-26",
      "license": "MIT",
      "vendored": "PRINCIPLES ONLY — no files. references/anti-default.md rewrites 3 directives: the Design Read declaration, the anti-default cliché list, the 3 dials (variance/motion/density).",
      "note": "2026-06-08: adapted, not vendored. Prompt-only frontend generator, 37k★ but viral/solo/4-months-old; verdict build-your-own (not install/vendor) — research/audits/2026-06-08-taste-skill.md. Tracked so skill-evolve can surface upstream wording tweaks; refinement would live in upstream skills/taste-skill/SKILL.md — re-read it on a bump."
    },
    "alchaincyf/huashu-design": {
      "ref": "master",
      "commit": "0e7ec8aca005",
      "date": "2026-07-02",
      "license": "MIT",
      "vendored": "PRINCIPLES ONLY — no files. references/brand-assets.md adapts the brand-asset protocol (never guess brand colors from memory; fetch official sources and pin) + the 'default AI output = average of all brands' anti-slop framing.",
      "note": "2026-07-02: adapted, not vendored — research/audits/2026-07-02-huashu-design.md (🟦 build-your-own). Ladder restructured offline-first (user spec → WebFetch pin → ask); upstream's mandatory WebSearch step dropped. Re-sync: watch upstream SKILL.md 品牌资产协议 §1.a and the anti-slop list for protocol refinements."
    }
  }
}
