{
  "_comment": "Maintained by skill-evolve: the upstream this debugging method was adapted from, used to detect new rules. Update only after reviewing the report (--write-lock).",
  "checked_at": "2026-07-06",
  "sources": {
    "obra/superpowers": {
      "ref": "main",
      "commit": "d884ae04edeb",
      "release": "v6.1.1",
      "date": "2026-07-02",
      "skills": [
        "systematic-debugging"
      ],
      "note": "2026-07-06 bump (was 896224c4b187 / v6.0.3): reviewed v6.0.3→v6.1.1 — the referenced systematic-debugging sub-skill is UNCHANGED; all movement is carrier/packaging orchestration, deliberately not vendored. Nothing to adopt. Rules adapted, not vendored verbatim. 2026-06-28 bump (was a21956e48c13 / v6.0.0): reviewed v6.0.0→v6.0.3 — pure SDD-orchestration/packaging/test maintenance, no debugging-method change. The 4-phase root-cause method is unchanged. Nothing to adopt. 2026-06-17 bump (was 6fd450765978 / v5.1.0): reviewed v6.0.0 — it is a subagent-driven-development orchestration overhaul; the only systematic-debugging change was narrowing a too-broad extended-thinking trigger keyword (a harness-loading packaging detail), not a method change. Re-sync by diffing this skill's content."
    }
  }
}
