{
  "_comment": "Maintained by skill-evolve. terse adapts the METHOD (a toggled token-economy mode) of mattpocock/skills caveman; original rewrite, no files copied. The key change: cut content not grammar, and stay language-aware (Chinese must read as natural Taiwan Traditional). Full audit: research/audits/2026-06-08-mattpocock-skills.md.",
  "checked_at": "2026-07-20",
  "sources": {
    "mattpocock/skills :: productivity/caveman": {
      "ref": "main",
      "commit": "7d3ada9716a9",
      "date": "2026-06-12",
      "license": "MIT",
      "vendored": "METHOD ONLY — no files. Toggled brevity mode reimplemented in SKILL.md, redesigned to compress by cutting content (not mangling grammar) and to stay language-aware (Chinese stays natural Taiwan Traditional, not telegraphic).",
      "note": "2026-06-08 baseline. Keep the cut-content-not-grammar + language-aware rule on any re-sync; that is the fix for the Chinese 怪腔怪調 problem the upstream caused. 2026-07-20 reviewed: upstream REMOVED the caveman skill docs on 2026-06-12 (7d3ada9716a9); the method survives only in this rewrite — treat source as historical."
    }
  }
}
