{
  "_comment": "Maintained by skill-evolve: records the version last seen for each cited source, to detect updates. commit fields blank until scripts/check_updates.py bumps them on the first real run (set GITHUB_TOKEN to avoid rate limits).",
  "checked_at": "2026-10-05",
  "sources": {
    "microsoft/SkillOpt": {
      "commit": "fa4ca184573e",
      "release": "v0.2.0",
      "date": "2026-09-30",
      "note": "2026-10-05 bump (was 79124b37e9a6): mostly MiniMax/adapter/test work. isMeta skip and verifier-source isolation already covered. One gap flagged, not yet applied: _safe_mtime (0008a0b8) — mine_usage.py calls os.path.getmtime unguarded and crashes if a transcript vanishes mid-run. Previous: 2026-09-17 bump (was 8a4c96a23639, still v0.2.0 — intra-release), user-approved: 155 commits, mostly Copilot/OpenCode/Codex backends, web UI and Windows fixes (not relevant). ADOPTED into the git-revert ratchet, reworded: their per-task no-regression gate (#222) becomes -- any single eval regressing is failure even when the total improves --, and #199 becomes -- a result scored on the tasks the edit was built from is unverified, never validated --. NOT adopted: #198 (gameable heading/string checks) and #186/#187 per-skill grouping, both already covered here. Previous: 2026-08-04 bump (was b860a5cf88ce, same v0.2.0 tag — intra-release): 98 commits on the Sleep engine, mostly Copilot/Azure transcript harvesting for their own backends. One item is on-domain: mined tasks GROUPED BY SKILL HINT with a catch-all fallback (#184). mine_usage.py currently emits a flat per-session prompt list, so the clustering into GAP/FRICTION is entirely the agent's job — upstream's grouping would sharpen it. FLAGGED, not adopted, pending user decision. 2026-07-06 baseline (commit field was blank): evaluated 🟥 this session; latest e4ea6a6771e7 / v0.2.0 == the reviewed version, no post-eval movement. Baseline filled to silence the false positive. 2026-07-20 reviewed v0.2.0: Sleep engine + backend work = optimize half (skill-creator territory); its harvest noise-exclusion (#99) already implemented locally in mine_usage.py."
    },
    "alchaincyf/darwin-skill": {
      "commit": "8a8b66258e3c",
      "date": "2026-09-18",
      "note": "2026-10-05 bump (was 5539516444cf): fixed a self-reference false positive in their runtime scan (a skill that explains a rule got flagged). skill-evolve has no such scan; skill-auditor already documents this false-positive class. Nothing adopted. Previous: 2026-09-17 bump (was 2fbaf4171e45): 2 commits — a README wording fix plus a silent 30-day git ls-remote version self-check. NOTHING ADOPTED: APM + this skill already cover version checking. STILL OPEN, deferred again by the user on 2026-09-17: their #13 paired-comparison judging (one judge compares old vs new directly instead of scoring each and subtracting). The ratchet now carries the two SkillOpt conditions instead; revisit #13 only if the ratchet proves noisy in practice. Previous: 2026-08-04 bump (was 7c7b7909b630): 15 commits — chart-rubric went from an eight-dimension v1 to a nine-dimension v2 with a weighted-shortfall formula, plus an MIT LICENSE and cross-platform screenshot fixes. One methodological item is on-domain: Phase-2 keep/revert switched from an ABSOLUTE score delta to a PAIRED WITHIN-JUDGE comparison (#13) — directly relevant to this skill's git-revert ratchet, which today just says to read the benchmark.json delta. FLAGGED, not adopted, pending user decision. 2026-07-06 baseline (commit field was blank): evaluated 🟥 this session; latest 7c7b7909b630 (2026-06-14) == reviewed state, no movement. Baseline filled."
    }
  }
}
