{
  "_comment": "Maintained by skill-evolve. ig-reel is an ORIGINAL build (recipes/prose all local; see references/attribution.md). This lock pins only the tracked future-extension upstream. MoneyPrinterTurbo/ShortGPT informed the pipeline shape via research/2026-06-21-video-editing-projects-for-ig.md but were never cloned/audited, so they are deliberately NOT pinned — pin them if their code is ever consulted directly (after skill-auditor).",
  "checked_at": "2026-07-20",
  "sources": {
    "alchaincyf/huashu-design": {
      "ref": "master",
      "commit": "32cc58127f60",
      "date": "2026-07-19",
      "license": "MIT",
      "vendored": "NOTHING — idea-level only. 2026-07-20: adopted three export checks from its verify-video.sh into references/pipeline.md §6c (black-frame detection, output LUFS, duration tolerance); commands rewritten locally, no code copied. Still tracked as the candidate engine for the future HTML-animation→MP4 route.",
      "note": "2026-07-20 bump (was 0e7ec8aca005): upstream's animated-HTML route now defaults to HyperFrames (HeyGen's open-source HTML→video framework, Apache-2.0; headless deterministic frame-seek rendering), demoting its self-built Stage/render-video-seek.js to fallback. If the card-style animated-post extension is ever built, START by evaluating HyperFrames, not the old route — CAVEAT: HyperFrames' init installs ~19 skills into ~/.claude/skills/ and MUST go through skill-auditor before any trial. Original eval 2026-07-02: research/audits/2026-07-02-huashu-design.md (🟦). Re-sync: watch its export verification and HyperFrames integration."
    }
  }
}
