{
  "_comment": "由 skill-evolve 維護：各參考來源上次看到的版本，用來偵測更新。檢視報告後才更新（--write-lock）。",
  "checked_at": "2026-06-08",
  "sources": {
    "UseAI-pro/openclaw-skills-security": {
      "commit": "4645f2d047d6",
      "date": "2026-03-10"
    },
    "sundial-org/awesome-openclaw-skills": {
      "commit": "b80cde2ef852",
      "date": "2026-03-07"
    },
    "NVIDIA/SkillSpector": {
      "commit": "1a7bf026a3cf",
      "date": "2026-06-10",
      "note": "v2.1.3, added 2026-06-11 as tool integration (optional deterministic pre-pass in SKILL.md). Local clone pinned at /root/tools/skillspector; install via uv tool (isolated env, managed Python 3.12). Watch for new pattern categories worth mirroring in the manual checklist."
    },
    "trailofbits/skills": {
      "commit": "d5fe2e6a7896",
      "date": "2026-06-05",
      "note": "2026-06-08 bump (was c94841be3dea). Reviewed the new commits: Solana scanner, C code-review, adversarial-modeler, sharp-edges, graph-based analysis, mutation testing — all source-code SAST tooling, a different domain from skill-auditor's SKILL.md supply-chain vetting. Nothing to adopt this round; keep watching as a reputable security publisher."
    }
  }
}
