{
  "_comment": "由 skill-evolve 維護：各參考來源上次看到的版本，用來偵測更新。檢視報告後才更新（--write-lock）。",
  "checked_at": "2026-10-05",
  "sources": {
    "UseAI-pro/openclaw-skills-security": {
      "commit": "4645f2d047d6",
      "date": "2026-03-10"
    },
    "sundial-org/awesome-openclaw-skills": {
      "commit": "b80cde2ef852",
      "date": "2026-03-07"
    },
    "NVIDIA/SkillSpector": {
      "commit": "a50b9c93835c",
      "date": "2026-10-05",
      "note": "2026-10-05 bump (was 8028ce5d0db6 / v2.11.2+57), user-approved. UPGRADED the local tool: /root/tools/skillspector fast-forwarded to a50b9c9 and reinstalled with uv tool install --reinstall; CLI reports v2.12.0. VERIFIED exit codes: terse 0 (SAFE 0/100), git-guardrails 1 (100 CRITICAL — the known false positive), missing path 2. ADOPTED: Step 3 checklist item for dependency source redirection (SC10, #383); pre-pass wording corrected — exit 1 = risk over threshold (or opt-in --fail-on-findings/--fail-on-incomplete, now released), exit 2 = input/execution error; /tree/<branch>/<subdir> URLs scan a skill inside a larger repo. Also new upstream, CLI-side only: reference_missing vs reference_unresolved diagnostics, fenced code blocks analysed as implementation (TP4), static per-artifact allowance 30s->300s. Previous: 2026-09-17 bump (was bfdcd5e5b51d / v2.5.2 era), user-approved. UPGRADED the local tool: clone at /root/tools/skillspector fast-forwarded and reinstalled with uv tool install --reinstall; CLI now reports v2.11.2 (HEAD is 57 commits past that tag). Verification scan re-run against this repo chinese-typography: scan --no-llm --format json still works, exit code is non-zero when findings exist. ADOPTED into the manual protocol: Step 4 now collapses letter-spacing / padding / split-character hiding before matching (P9, upstream #470/#564); Step 6 now rejects a bundled settings.json permission grant (BH3) and shipped bytecode / concealed executables in nested archives or dotfiles (SC8/SC9), with the caveat that __pycache__ in a LOCAL working copy is usually a gitignored build artifact — verified that is the case here, so the CRITICAL/DO_NOT_INSTALL it scored on chinese-typography is a false positive of exactly the kind already documented for git-guardrails. Tool-integration notes updated for the new risk_assessment field names, max_issue_severity, the 60s->600s default deadline, and analysis_completeness partial being caused by unresolved prose references. NOT adopted: EA5 silent model/provider switching (no counterpart in this protocol yet); --fail-on-findings exists at HEAD but is unreleased. Previous: 2026-08-04 bump (was 8f534e2951e0): local clone at /root/tools/skillspector fast-forwarded to bfdcd5e and reinstalled via uv tool (33 commits since the previous baseline 8f534e2951e0; the clone itself sat further back and moved 93) — CLI went 2.3.9 → 2.5.1, VERIFIED working (scan of terse: execution successful, SAFE, 0/100). Upstream work worth knowing: static-scan false-positive reduction on instructional prose (#232) and on markdown table/quote syntax (#321), bounded URL/zip/git ingest paths (#164), MCP registry posture scanning (#280), exact-version reads from Python lockfiles for OSV (#263), env-configurable analyzer fan-out. No manual-protocol change adopted — this is CLI-side detection quality, which the protocol already delegates to the tool. 2026-07-20 bump (was dde36f258729): new static class SC7 — pulling/running untrusted container images (docker pull with no content trust). ADOPTED into the manual protocol: pre-pass category list mentions SC7, and Step 3 gains an untrusted-container-image checklist item (docker/podman pull-run of unpinned images = supply-chain red flag; require digest pinning / content trust). 2026-07-06 bump (was ad55ceb60bcf): ADOPTED into skill-auditor/SKILL.md — new no-API-key claude_cli provider, PE5/E5/TM4 threat categories, and the fail-closed guarantee. AST/YARA scanning still delegated to the CLI. v2.1.3 (64 patterns / 16 categories), added 2026-06-11 as tool integration (optional deterministic pre-pass in SKILL.md). Local clone pinned at /root/tools/skillspector; install via uv tool (isolated env, managed Python 3.12). 2026-06-28 bump (was a5092dd9b952): taxonomy grew to 17 categories / 68 patterns (MCP rug-pull RP1–RP3, PE4 Docker-socket, Trigger Abuse TR1–TR3) + report sanitization (strip ANSI/control bytes, fix Unicode-tag ASCII-smuggling bypass). ADOPTED 3 methodology items into the manual protocol (SKILL.md v1.1.0→1.2.0): (a) Unicode tag chars U+E0000–U+E007F added to Step 4 critical list; (b) MCP rug-pull bullet added to Step 3 (pin/audit MCP servers, Rule 2 applies to servers); (c) report-output sanitization note in Output format (strip terminal-escape/control bytes from quoted skill content). Trigger Abuse was already mirrored last bump (Step 1). AST/YARA stays SkillSpector's job, not re-implemented in prose. 2026-06-17 bump (was 1a7bf026a3cf): mirrored trigger abuse (Step 1), bidi/RTL + mixed-script (Step 4), declared-vs-used allowed-tools both directions (Step 1).",
      "release": "v2.12.0"
    },
    "trailofbits/skills": {
      "commit": "82fe82262526",
      "date": "2026-09-28",
      "note": "2026-10-05 bump (was 123037ec8aed): ruff bumps, a description fix, static-analysis now scans files >1 MB. Code-level SAST, orthogonal. Nothing adopted. Previous: 2026-09-17 bump (was 1256982d4d92): 67 commits — plugins converted to dynamic workflows, ask-questions and seatbelt-sandboxer removed, supply-chain-risk-auditor rebuilt around a deterministic collector (#227), agentic-actions-auditor extended to claude-code-action pre-v1 inputs and a composite-action secrets gap (#292). All code-level / CI static analysis, still a different job from reviewing a SKILL.md before install. Nothing adopted. Previous: 2026-08-04 bump (was cfe5d7b1619e): adds a vulnerability-triage brocards skill, github-triage and open-sourcing plugins, and trailmark v0.4/v0.5 graph-assisted security workflows; removes their workflow-skill-design plugin. Notable as a CONVENTION CONFLICT, not an adoption: they dropped the 'When to Use / When NOT to Use' requirement from their skill checklist (#216), which is the opposite of this repo's boundary-in-the-description convention — noted, not followed. Still code-level SAST territory, orthogonal to pre-install SKILL.md vetting. No action. Reviewed up to 1256982d4d92; upstream moved on mid-review. 2026-07-06 bump (was 39e10bd31e80): c-review/rust-review SAST plugin evolution — code-level analysis, orthogonal to pre-install SKILL.md review. No action. 2026-06-28 bump (was c070b9b58811). Recent commits are infra maintenance (actions/checkout v6→v7, fp-check docs, stop-hook JSON format, Codex UI metadata, spaces-in-path handling); existing security skills (semgrep-rule-creator, sharp-edges-analyzer, differential-review) unchanged. Nothing to adopt — code-level SAST stays a different domain from pre-install SKILL.md vetting. 2026-06-17 bump (was d5fe2e6a7896): folded the agentic-actions-auditor / supply-chain-risk-auditor concept into Step 6 'bundled automation' red flag. Keep watching as a reputable security publisher."
    }
  }
}
