{
  "_comment": "Maintained by skill-evolve. to-issues adapts the METHOD (plan → vertical tracer-bullet GitHub issues) of mattpocock/skills engineering/to-issues (upstream since merged into engineering/to-tickets — see note); original rewrite, no files copied, positioned as the design-gate downstream with a confirm-before-publish gate. Full audit: research/audits/2026-06-08-mattpocock-skills.md.",
  "checked_at": "2026-09-17",
  "sources": {
    "mattpocock/skills :: engineering/to-tickets": {
      "ref": "main",
      "commit": "321658273cb1",
      "date": "2026-08-19",
      "license": "MIT",
      "vendored": "METHOD ONLY — no files. Vertical-slice issue breakdown reimplemented in SKILL.md, positioned as design-gate downstream, added a confirm-before-publish gate, dropped the upstream tracker-config coupling (just uses existing gh/glab).",
      "note": "2026-09-17 bump: upstream moved its local tracker from one tickets.md to one file per ticket under .scratch/<slug>/issues/NN-*.md with a Status field — not applicable, we only use gh. It also removed the blocking-edges explainer, the /implement line and a stray tag. Expand-contract unchanged (already adopted). Nothing adopted. Previous: 2026-06-08 baseline as engineering/to-issues (ff3ee1dda50d, 2026-05-06). 2026-07-08 upstream deleted engineering/to-issues in 386d4ff719a7, merging /to-plan + /to-issues into engineering/to-tickets (and renaming /to-prd → /to-spec); source re-keyed accordingly — future drift checks must query engineering/to-tickets, not the deleted path. 2026-07-20 re-sync: adopted expand–contract slicing for wide refactors (a0329ba9/aa591116) and a native-relations publishing hint. On re-sync mine slicing/ordering ideas; keep the confirm-before-publish gate and design-gate-downstream framing."
    }
  }
}
